
Microsoft Visual Studio Solution File, Format Version 12.00
Project("{F347F7F9-1E73-419A-891B-751D23FF72BD}") = "ManeuverNodeController", "src/ManeuverNodeController/ManeuverNodeController.csproj", "{4085202E-A745-47C8-AA12-BBF998F65136}"
EndProject
Project("{F347F7F9-1E73-419A-891B-751D23FF72BD}") = "ManeuverNodeController.Unity", "src/ManeuverNodeController.Unity/ManeuverNodeController.Unity.csproj", "{5A706E46-159E-4853-A248-3F16994EB439}"
EndProject
Global
	GlobalSection(SolutionConfigurationPlatforms) = preSolution
		Debug|Any CPU = Debug|Any CPU
		Release|Any CPU = Release|Any CPU
		Deploy|Any CPU = Deploy|Any CPU
		DeployAndRun|Any CPU = DeployAndRun|Any CPU
	EndGlobalSection
	GlobalSection(ProjectConfigurationPlatforms) = postSolution
		{4085202E-A745-47C8-AA12-BBF998F65136}.Debug|Any CPU.ActiveCfg = Debug|Any CPU
		{4085202E-A745-47C8-AA12-BBF998F65136}.Debug|Any CPU.Build.0 = Debug|Any CPU
		{4085202E-A745-47C8-AA12-BBF998F65136}.Release|Any CPU.ActiveCfg = Release|Any CPU
		{4085202E-A745-47C8-AA12-BBF998F65136}.Release|Any CPU.Build.0 = Release|Any CPU
		{4085202E-A745-47C8-AA12-BBF998F65136}.Deploy|Any CPU.ActiveCfg = Deploy|Any CPU
		{4085202E-A745-47C8-AA12-BBF998F65136}.Deploy|Any CPU.Build.0 = Deploy|Any CPU
		{4085202E-A745-47C8-AA12-BBF998F65136}.DeployAndRun|Any CPU.ActiveCfg = DeployAndRun|Any CPU
		{4085202E-A745-47C8-AA12-BBF998F65136}.DeployAndRun|Any CPU.Build.0 = DeployAndRun|Any CPU
		{5A706E46-159E-4853-A248-3F16994EB439}.Debug|Any CPU.ActiveCfg = Debug|Any CPU
		{5A706E46-159E-4853-A248-3F16994EB439}.Debug|Any CPU.Build.0 = Debug|Any CPU
		{5A706E46-159E-4853-A248-3F16994EB439}.Release|Any CPU.ActiveCfg = Release|Any CPU
		{5A706E46-159E-4853-A248-3F16994EB439}.Release|Any CPU.Build.0 = Release|Any CPU
		{5A706E46-159E-4853-A248-3F16994EB439}.Deploy|Any CPU.ActiveCfg = Deploy|Any CPU
		{5A706E46-159E-4853-A248-3F16994EB439}.Deploy|Any CPU.Build.0 = Deploy|Any CPU
		{5A706E46-159E-4853-A248-3F16994EB439}.DeployAndRun|Any CPU.ActiveCfg = DeployAndRun|Any CPU
		{5A706E46-159E-4853-A248-3F16994EB439}.DeployAndRun|Any CPU.Build.0 = DeployAndRun|Any CPU
	EndGlobalSection
EndGlobal


